
Microsoft Visual Studio Solution File, Format Version 12.00
# Visual Studio 15
VisualStudioVersion = 15.0.27130.2036
MinimumVisualStudioVersion = 10.0.40219.1
Project("{9092AA53-FB77-4645-B42D-1CCCA6BD08BD}") = "mjenrungrot.github.io", "mjenrungrot.github.io\mjenrungrot.github.io.njsproj", "{CC5C466E-38DC-4ACF-BA63-937AA34508AB}"
EndProject
Global
	GlobalSection(SolutionConfigurationPlatforms) = preSolution
		Debug|Any CPU = Debug|Any CPU
		Release|Any CPU = Release|Any CPU
	EndGlobalSection
	GlobalSection(ProjectConfigurationPlatforms) = postSolution
		{CC5C466E-38DC-4ACF-BA63-937AA34508AB}.Debug|Any CPU.ActiveCfg = Debug|Any CPU
		{CC5C466E-38DC-4ACF-BA63-937AA34508AB}.Debug|Any CPU.Build.0 = Debug|Any CPU
		{CC5C466E-38DC-4ACF-BA63-937AA34508AB}.Release|Any CPU.ActiveCfg = Debug|Any CPU
		{CC5C466E-38DC-4ACF-BA63-937AA34508AB}.Release|Any CPU.Build.0 = Debug|Any CPU
	EndGlobalSection
	GlobalSection(SolutionProperties) = preSolution
		HideSolutionNode = FALSE
	EndGlobalSection
	GlobalSection(ExtensibilityGlobals) = postSolution
		SolutionGuid = {89FE2442-D320-42D2-BB55-38739C985807}
	EndGlobalSection
EndGlobal
